Microsoft Visual Studio Solution File, Format Version 12.00
# Visual Studio Version 16
VisualStudioVersion = 16.0.28803.352
MinimumVisualStudioVersion = 10.0.40219.1
Project("{FAE04EC0-301F-11D3-BF4B-00C04F79EFBC}") = "Shrinklet", "Shrinklet\Shrinklet.csproj", "{4E19922E-DEA3-481C-B017-04153C1CBC77}"
EndProject
Global
	GlobalSection(SolutionConfigurationPlatforms) = preSolution
		Debug|Any CPU = Debug|Any CPU
		Release|Any CPU = Release|Any CPU
	EndGlobalSection
	GlobalSection(ProjectConfigurationPlatforms) = postSolution
		{4E19922E-DEA3-481C-B017-04153C1CBC77}.Debug|Any CPU.ActiveCfg = Debug|Any CPU
		{4E19922E-DEA3-481C-B017-04153C1CBC77}.Debug|Any CPU.Build.0 = Debug|Any CPU
		{4E19922E-DEA3-481C-B017-04153C1CBC77}.Release|Any CPU.ActiveCfg = Release|Any CPU
		{4E19922E-DEA3-481C-B017-04153C1CBC77}.Release|Any CPU.Build.0 = Release|Any CPU
	EndGlobalSection
	GlobalSection(SolutionProperties) = preSolution
		HideSolutionNode = FALSE
	EndGlobalSection
	GlobalSection(ExtensibilityGlobals) = postSolution
		SolutionGuid = {E3BBF63A-33E6-4E62-BC8C-E602929125CA}
	EndGlobalSection
EndGlobal
